// !$*UTF8*$!
{
	archiveVersion = 1;
	classes = {
	};
	objectVersion = 46;
	objects = {

/* Begin PBXBuildFile section */
		DE3D81091BFA907200600FA0 /* main.m in Sources */ = {isa = PBXBuildFile; fileRef = DE3D81081BFA907200600FA0 /* main.m */; };
		DE3D810C1BFA907200600FA0 /* AppDelegate.m in Sources */ = {isa = PBXBuildFile; fileRef = DE3D810B1BFA907200600FA0 /* AppDelegate.m */; };
		DE3D810F1BFA907200600FA0 /* ViewController.m in Sources */ = {isa = PBXBuildFile; fileRef = DE3D810E1BFA907200600FA0 /* ViewController.m */; };
		DE3D81121BFA907200600FA0 /* Main.storyboard in Resources */ = {isa = PBXBuildFile; fileRef = DE3D81101BFA907200600FA0 /* Main.storyboard */; };
		DE3D81141BFA907200600FA0 /* Assets.xcassets in Resources */ = {isa = PBXBuildFile; fileRef = DE3D81131BFA907200600FA0 /* Assets.xcassets */; };
		DE3D81171BFA907200600FA0 /* LaunchScreen.storyboard in Resources */ = {isa = PBXBuildFile; fileRef = DE3D81151BFA907200600FA0 /* LaunchScreen.storyboard */; };
/* End PBXBuildFile section */

/* Begin PBXFileReference section */
		DE3D81041BFA907200600FA0 /* SuperCool.app */ = {isa = PBXFileReference; explicitFileType = wrapper.application; includeInIndex = 0; path = SuperCool.app; sourceTree = BUILT_PRODUCTS_DIR; };
		DE3D81081BFA907200600FA0 /* main.m */ = {isa = PBXFileReference; lastKnownFileType = sourcecode.c.objc; path = main.m; sourceTree = "<group>"; };
		DE3D810A1BFA907200600FA0 /* AppDelegate.h */ = {isa = PBXFileReference; lastKnownFileType = sourcecode.c.h; path = AppDelegate.h; sourceTree = "<group>"; };
		DE3D810B1BFA907200600FA0 /* AppDelegate.m */ = {isa = PBXFileReference; lastKnownFileType = sourcecode.c.objc; path = AppDelegate.m; sourceTree = "<group>"; };
		DE3D810D1BFA907200600FA0 /* ViewController.h */ = {isa = PBXFileReference; lastKnownFileType = sourcecode.c.h; path = ViewController.h; sourceTree = "<group>"; };
		DE3D810E1BFA907200600FA0 /* ViewController.m */ = {isa = PBXFileReference; lastKnownFileType = sourcecode.c.objc; path = ViewController.m; sourceTree = "<group>"; };
		DE3D81111BFA907200600FA0 /* Base */ = {isa = PBXFileReference; lastKnownFileType = file.storyboard; name = Base; path = Base.lproj/Main.storyboard; sourceTree = "<group>"; };
		DE3D81131BFA907200600FA0 /* Assets.xcassets */ = {isa = PBXFileReference; lastKnownFileType = folder.assetcatalog; path = Assets.xcassets; sourceTree = "<group>"; };
		DE3D81161BFA907200600FA0 /* Base */ = {isa = PBXFileReference; lastKnownFileType = file.storyboard; name = Base; path = Base.lproj/LaunchScreen.storyboard; sourceTree = "<group>"; };
		DE3D81181BFA907200600FA0 /* Info.plist */ = {isa = PBXFileReference; lastKnownFileType = text.plist.xml; path = Info.plist; sourceTree = "<group>"; };
/* End PBXFileReference section */

/* Begin PBXFrameworksBuildPhase section */
		DE3D81011BFA907200600FA0 /* Frameworks */ = {
			isa = PBXFrameworksBuildPhase;
			buildActionMask = 2147483647;
			files = (
			);
			runOnlyForDeploymentPostprocessing = 0;
		};
/* End PBXFrameworksBuildPhase section */

/* Begin PBXGroup section */
		DE3D80FB1BFA907200600FA0 = {
			isa = PBXGroup;
			children = (
				DE3D81061BFA907200600FA0 /* SuperCool */,
				DE3D81051BFA907200600FA0 /* Products */,
			);
			sourceTree = "<group>";
		};
		DE3D81051BFA907200600FA0 /* Products */ = {
			isa = PBXGroup;
			children = (
				DE3D81041BFA907200600FA0 /* SuperCool.app */,
			);
			name = Products;
			sourceTree = "<group>";
		};
		DE3D81061BFA907200600FA0 /* SuperCool */ = {
			isa = PBXGroup;
			children = (
				DE3D810A1BFA907200600FA0 /* AppDelegate.h */,
				DE3D810B1BFA907200600FA0 /* AppDelegate.m */,
				DE3D810D1BFA907200600FA0 /* ViewController.h */,
				DE3D810E1BFA907200600FA0 /* ViewController.m */,
				DE3D81101BFA907200600FA0 /* Main.storyboard */,
				DE3D81131BFA907200600FA0 /* Assets.xcassets */,
				DE3D81151BFA907200600FA0 /* LaunchScreen.storyboard */,
				DE3D81181BFA907200600FA0 /* Info.plist */,
				DE3D81071BFA907200600FA0 /* Supporting Files */,
			);
			path = SuperCool;
			sourceTree = "<group>";
		};
		DE3D81071BFA907200600FA0 /* Supporting Files */ = {
			isa = PBXGroup;
			children = (
				DE3D81081BFA907200600FA0 /* main.m */,
			);
			name = "Supporting Files";
			sourceTree = "<group>";
		};
/* End PBXGroup section */

/* Begin PBXNativeTarget section */
		DE3D81031BFA907200600FA0 /* SuperCool */ = {
			isa = PBXNativeTarget;
			buildConfigurationList = DE3D811B1BFA907200600FA0 /* Build configuration list for PBXNativeTarget "SuperCool" */;
			buildPhases = (
				DE3D81001BFA907200600FA0 /* Sources */,
				DE3D81011BFA907200600FA0 /* Frameworks */,
				DE3D81021BFA907200600FA0 /* Resources */,
			);
			buildRules = (
			);
			dependencies = (
			);
			name = SuperCool;
			productName = SuperCool;
			productReference = DE3D81041BFA907200600FA0 /* SuperCool.app */;
			productType = "com.apple.product-type.application";
		};
/* End PBXNativeTarget section */

/* Begin PBXProject section */
		DE3D80FC1BFA907200600FA0 /* Project object */ = {
			isa = PBXProject;
			attributes = {
				LastUpgradeCheck = 0720;
				ORGANIZATIONNAME = "Johnny Harounoff";
				TargetAttributes = {
					DE3D81031BFA907200600FA0 = {
						CreatedOnToolsVersion = 7.2;
					};
				};
			};
			buildConfigurationList = DE3D80FF1BFA907200600FA0 /* Build configuration list for PBXProject "SuperCool" */;
			compatibilityVersion = "Xcode 3.2";
			developmentRegion = English;
			hasScannedForEncodings = 0;
			knownRegions = (
				en,
				Base,
			);
			mainGroup = DE3D80FB1BFA907200600FA0;
			productRefGroup = DE3D81051BFA907200600FA0 /* Products */;
			projectDirPath = "";
			projectRoot = "";
			targets = (
				DE3D81031BFA907200600FA0 /* SuperCool */,
			);
		};
/* End PBXProject section */

/* Begin PBXResourcesBuildPhase section */
		DE3D81021BFA907200600FA0 /* Resources */ = {
			isa = PBXResourcesBuildPhase;
			buildActionMask = 2147483647;
			files = (
				DE3D81171BFA907200600FA0 /* LaunchScreen.storyboard in Resources */,
				DE3D81141BFA907200600FA0 /* Assets.xcassets in Resources */,
				DE3D81121BFA907200600FA0 /* Main.storyboard in Resources */,
			);
			runOnlyForDeploymentPostprocessing = 0;
		};
/* End PBXResourcesBuildPhase section */

/* Begin PBXSourcesBuildPhase section */
		DE3D81001BFA907200600FA0 /* Sources */ = {
			isa = PBXSourcesBuildPhase;
			buildActionMask = 2147483647;
			files = (
				DE3D810F1BFA907200600FA0 /* ViewController.m in Sources */,
				DE3D810C1BFA907200600FA0 /* AppDelegate.m in Sources */,
				DE3D81091BFA907200600FA0 /* main.m in Sources */,
			);
			runOnlyForDeploymentPostprocessing = 0;
		};
/* End PBXSourcesBuildPhase section */

/* Begin PBXVariantGroup section */
		DE3D81101BFA907200600FA0 /* Main.storyboard */ = {
			isa = PBXVariantGroup;
			children = (
				DE3D81111BFA907200600FA0 /* Base */,
			);
			name = Main.storyboard;
			sourceTree = "<group>";
		};
		DE3D81151BFA907200600FA0 /* LaunchScreen.storyboard */ = {
			isa = PBXVariantGroup;
			children = (
				DE3D81161BFA907200600FA0 /* Base */,
			);
			name = LaunchScreen.storyboard;
			sourceTree = "<group>";
		};
/* End PBXVariantGroup section */

/* Begin XCBuildConfiguration section */
		DE3D81191BFA907200600FA0 /* Debug */ = {
			isa = XCBuildConfiguration;
			buildSettings = {
				ALWAYS_SEARCH_USER_PATHS = NO;
				CLANG_CXX_LANGUAGE_STANDARD = "gnu++0x";
				CLANG_CXX_LIBRARY = "libc++";
				CLANG_ENABLE_MODULES = YES;
				CLANG_ENABLE_OBJC_ARC = YES;
				CLANG_WARN_BOOL_CONVERSION = YES;
				CLANG_WARN_CONSTANT_CONVERSION = YES;
				CLANG_WARN_DIRECT_OBJC_ISA_USAGE = YES_ERROR;
				CLANG_WARN_EMPTY_BODY = YES;
				CLANG_WARN_ENUM_CONVERSION = YES;
				CLANG_WARN_INT_CONVERSION = YES;
				CLANG_WARN_OBJC_ROOT_CLASS = YES_ERROR;
				CLANG_WARN_UNREACHABLE_CODE = YES;
				CLANG_WARN__DUPLICATE_METHOD_MATCH = YES;
				"CODE_SIGN_IDENTITY[sdk=iphoneos*]" = "iPhone Developer";
				COPY_PHASE_STRIP = NO;
				DEBUG_INFORMATION_FORMAT = dwarf;
				ENABLE_STRICT_OBJC_MSGSEND = YES;
				ENABLE_TESTABILITY = YES;
				GCC_C_LANGUAGE_STANDARD = gnu99;
				GCC_DYNAMIC_NO_PIC = NO;
				GCC_NO_COMMON_BLOCKS = YES;
				GCC_OPTIMIZATION_LEVEL = 0;
				GCC_PREPROCESSOR_DEFINITIONS = (
					"DEBUG=1",
					"$(inherited)",
				);
				GCC_WARN_64_TO_32_BIT_CONVERSION = YES;
				GCC_WARN_ABOUT_RETURN_TYPE = YES_ERROR;
				GCC_WARN_UNDECLARED_SELECTOR = YES;
				GCC_WARN_UNINITIALIZED_AUTOS = YES_AGGRESSIVE;
				GCC_WARN_UNUSED_FUNCTION = YES;
				GCC_WARN_UNUSED_VARIABLE = YES;
				IPHONEOS_DEPLOYMENT_TARGET = 9.2;
				MTL_ENABLE_DEBUG_INFO = YES;
				ONLY_ACTIVE_ARCH = YES;
				SDKROOT = iphoneos;
			};
			name = Debug;
		};
		DE3D811A1BFA907200600FA0 /* Release */ = {
			isa = XCBuildConfiguration;
			buildSettings = {
				ALWAYS_SEARCH_USER_PATHS = NO;
				CLANG_CXX_LANGUAGE_STANDARD = "gnu++0x";
				CLANG_CXX_LIBRARY = "libc++";
				CLANG_ENABLE_MODULES = YES;
				CLANG_ENABLE_OBJC_ARC = YES;
				CLANG_WARN_BOOL_CONVERSION = YES;
				CLANG_WARN_CONSTANT_CONVERSION = YES;
				CLANG_WARN_DIRECT_OBJC_ISA_USAGE = YES_ERROR;
				CLANG_WARN_EMPTY_BODY = YES;
				CLANG_WARN_ENUM_CONVERSION = YES;
				CLANG_WARN_INT_CONVERSION = YES;
				CLANG_WARN_OBJC_ROOT_CLASS = YES_ERROR;
				CLANG_WARN_UNREACHABLE_CODE = YES;
				CLANG_WARN__DUPLICATE_METHOD_MATCH = YES;
				"CODE_SIGN_IDENTITY[sdk=iphoneos*]" = "iPhone Developer";
				COPY_PHASE_STRIP = NO;
				DEBUG_INFORMATION_FORMAT = "dwarf-with-dsym";
				ENABLE_NS_ASSERTIONS = NO;
				ENABLE_STRICT_OBJC_MSGSEND = YES;
				GCC_C_LANGUAGE_STANDARD = gnu99;
				GCC_NO_COMMON_BLOCKS = YES;
				GCC_WARN_64_TO_32_BIT_CONVERSION = YES;
				GCC_WARN_ABOUT_RETURN_TYPE = YES_ERROR;
				GCC_WARN_UNDECLARED_SELECTOR = YES;
				GCC_WARN_UNINITIALIZED_AUTOS = YES_AGGRESSIVE;
				GCC_WARN_UNUSED_FUNCTION = YES;
				GCC_WARN_UNUSED_VARIABLE = YES;
				IPHONEOS_DEPLOYMENT_TARGET = 9.2;
				MTL_ENABLE_DEBUG_INFO = NO;
				SDKROOT = iphoneos;
				VALIDATE_PRODUCT = YES;
			};
			name = Release;
		};
		DE3D811C1BFA907200600FA0 /* Debug */ = {
			isa = XCBuildConfiguration;
			buildSettings = {
				ASSETCATALOG_COMPILER_APPICON_NAME = AppIcon;
				INFOPLIST_FILE = SuperCool/Info.plist;
				LD_RUNPATH_SEARCH_PATHS = "$(inherited) @executable_path/Frameworks";
				PRODUCT_BUNDLE_IDENTIFIER = com.Harounoff.SuperCool.SuperCool;
				PRODUCT_NAME = "$(TARGET_NAME)";
			};
			name = Debug;
		};
		DE3D811D1BFA907200600FA0 /* Release */ = {
			isa = XCBuildConfiguration;
			buildSettings = {
				ASSETCATALOG_COMPILER_APPICON_NAME = AppIcon;
				INFOPLIST_FILE = SuperCool/Info.plist;
				LD_RUNPATH_SEARCH_PATHS = "$(inherited) @executable_path/Frameworks";
				PRODUCT_BUNDLE_IDENTIFIER = com.Harounoff.SuperCool.SuperCool;
				PRODUCT_NAME = "$(TARGET_NAME)";
			};
			name = Release;
		};
/* End XCBuildConfiguration section */

/* Begin XCConfigurationList section */
		DE3D80FF1BFA907200600FA0 /* Build configuration list for PBXProject "SuperCool" */ = {
			isa = XCConfigurationList;
			buildConfigurations = (
				DE3D81191BFA907200600FA0 /* Debug */,
				DE3D811A1BFA907200600FA0 /* Release */,
			);
			defaultConfigurationIsVisible = 0;
			defaultConfigurationName = Release;
		};
		DE3D811B1BFA907200600FA0 /* Build configuration list for PBXNativeTarget "SuperCool" */ = {
			isa = XCConfigurationList;
			buildConfigurations = (
				DE3D811C1BFA907200600FA0 /* Debug */,
				DE3D811D1BFA907200600FA0 /* Release */,
			);
			defaultConfigurationIsVisible = 0;
		};
/* End XCConfigurationList section */
	};
	rootObject = DE3D80FC1BFA907200600FA0 /* Project object */;
}
